PODS:
  - Alamofire (3.1.2)
  - Bolts (1.4.0):
    - Bolts/AppLinks (= 1.4.0)
    - Bolts/Tasks (= 1.4.0)
  - Bolts/Tasks (1.4.0)
  - Charts (2.1.6)
  - Parse (1.9.1):
    - Bolts/Tasks (>= 1.4.0)

DEPENDENCIES:
  - Alamofire (~> 3.0)
  - Bolts (~> 1.4.0)
  - Charts
  - Parse (from `git@github.com:ParsePlatform/Parse-SDK-iOS-OSX.git`, branch `nlutsenko.tvos.podtest`)

EXTERNAL SOURCES:
  Parse:
    :branch: nlutsenko.tvos.podtest
    :git: git@github.com:ParsePlatform/Parse-SDK-iOS-OSX.git

CHECKOUT OPTIONS:
  Parse:
    :commit: f54e75da5465f625f2e2087969765e120fa8c7dc
    :git: git@github.com:ParsePlatform/Parse-SDK-iOS-OSX.git

SPEC CHECKSUMS:
  Alamofire: 7c16ca65f3c7e681fd925fd7f2dec7747ff96855
  Bolts: 0e9bce58b9b9f5e8a7a4d47b16d2fabec289072b
  Charts: 5e1e5ac23898e5b09d226a2fc3e9d86bc281937e
  Parse: f7cf7335deb71a78aae092254bb630aa1c6fcf7c

COCOAPODS: 0.39.0
