PODS:
  - Bolts/Tasks (1.6.0)
  - Charts (2.1.6)
  - DeepLinkKit (1.1.0)
  - Parse (1.12.0):
    - Bolts/Tasks (~> 1.5)

DEPENDENCIES:
  - Charts
  - DeepLinkKit
  - Parse

SPEC CHECKSUMS:
  Bolts: f52a250053bb517ca874523c3913776359ab3def
  Charts: 5e1e5ac23898e5b09d226a2fc3e9d86bc281937e
  DeepLinkKit: 3979713c8a0b6bd3259fb7917e572acf56645a35
  Parse: de2c52a9a1421b91ae7594ab8ce191afd184f19b

COCOAPODS: 0.39.0
