// !$*UTF8*$!
{
	archiveVersion = 1;
	classes = {
	};
	objectVersion = 46;
	objects = {

/* Begin PBXBuildFile section */
		12312FF81BEED6F3004DDAD6 /* Model.swift in Sources */ = {isa = PBXBuildFile; fileRef = 12312FF71BEED6F3004DDAD6 /* Model.swift */; };
		12D31D691BEE792200B03E7C /* AppDelegate.swift in Sources */ = {isa = PBXBuildFile; fileRef = 12D31D681BEE792200B03E7C /* AppDelegate.swift */; };
		12D31D6B1BEE792200B03E7C /* ViewController.swift in Sources */ = {isa = PBXBuildFile; fileRef = 12D31D6A1BEE792200B03E7C /* ViewController.swift */; };
		12D31D6E1BEE792200B03E7C /* Main.storyboard in Resources */ = {isa = PBXBuildFile; fileRef = 12D31D6C1BEE792200B03E7C /* Main.storyboard */; };
		12D31D701BEE792200B03E7C /* Assets.xcassets in Resources */ = {isa = PBXBuildFile; fileRef = 12D31D6F1BEE792200B03E7C /* Assets.xcassets */; };
		12D31D7B1BEE792200B03E7C /* PulsetvOSTests.swift in Sources */ = {isa = PBXBuildFile; fileRef = 12D31D7A1BEE792200B03E7C /* PulsetvOSTests.swift */; };
		12D31D861BEE792200B03E7C /* PulsetvOSUITests.swift in Sources */ = {isa = PBXBuildFile; fileRef = 12D31D851BEE792200B03E7C /* PulsetvOSUITests.swift */; };
		12D5F5231BF575A900CF7454 /* Question.swift in Sources */ = {isa = PBXBuildFile; fileRef = 12D5F5221BF575A900CF7454 /* Question.swift */; };
		12D5F5251BF59B3000CF7454 /* ClassSession_Beta.swift in Sources */ = {isa = PBXBuildFile; fileRef = 12D5F5241BF59B3000CF7454 /* ClassSession_Beta.swift */; };
		12D5F5271BF59B8500CF7454 /* PulseClass.swift in Sources */ = {isa = PBXBuildFile; fileRef = 12D5F5261BF59B8500CF7454 /* PulseClass.swift */; };
		1C8E2030F014E21B07EA74AA /* Pods_PulsetvOS.framework in Frameworks */ = {isa = PBXBuildFile; fileRef = B7A1133B144BA89464DD1CC8 /* Pods_PulsetvOS.framework */; };
/* End PBXBuildFile section */

/* Begin PBXContainerItemProxy section */
		12D31D771BEE792200B03E7C /* PBXContainerItemProxy */ = {
			isa = PBXContainerItemProxy;
			containerPortal = 12D31D5D1BEE792200B03E7C /* Project object */;
			proxyType = 1;
			remoteGlobalIDString = 12D31D641BEE792200B03E7C;
			remoteInfo = PulsetvOS;
		};
		12D31D821BEE792200B03E7C /* PBXContainerItemProxy */ = {
			isa = PBXContainerItemProxy;
			containerPortal = 12D31D5D1BEE792200B03E7C /* Project object */;
			proxyType = 1;
			remoteGlobalIDString = 12D31D641BEE792200B03E7C;
			remoteInfo = PulsetvOS;
		};
/* End PBXContainerItemProxy section */

/* Begin PBXFileReference section */
		0C16D5D6B98F149EAFCA33A9 /* Pods-PulsetvOS.debug.xcconfig */ = {isa = PBXFileReference; includeInIndex = 1; lastKnownFileType = text.xcconfig; name = "Pods-PulsetvOS.debug.xcconfig"; path = "Pods/Target Support Files/Pods-PulsetvOS/Pods-PulsetvOS.debug.xcconfig"; sourceTree = "<group>"; };
		12312FF71BEED6F3004DDAD6 /* Model.swift */ = {isa = PBXFileReference; fileEncoding = 4; lastKnownFileType = sourcecode.swift; path = Model.swift; sourceTree = "<group>"; };
		12D31D651BEE792200B03E7C /* PulsetvOS.app */ = {isa = PBXFileReference; explicitFileType = wrapper.application; includeInIndex = 0; path = PulsetvOS.app; sourceTree = BUILT_PRODUCTS_DIR; };
		12D31D681BEE792200B03E7C /* AppDelegate.swift */ = {isa = PBXFileReference; lastKnownFileType = sourcecode.swift; path = AppDelegate.swift; sourceTree = "<group>"; };
		12D31D6A1BEE792200B03E7C /* ViewController.swift */ = {isa = PBXFileReference; lastKnownFileType = sourcecode.swift; path = ViewController.swift; sourceTree = "<group>"; };
		12D31D6D1BEE792200B03E7C /* Base */ = {isa = PBXFileReference; lastKnownFileType = file.storyboard; name = Base; path = Base.lproj/Main.storyboard; sourceTree = "<group>"; };
		12D31D6F1BEE792200B03E7C /* Assets.xcassets */ = {isa = PBXFileReference; lastKnownFileType = folder.assetcatalog; path = Assets.xcassets; sourceTree = "<group>"; };
		12D31D711BEE792200B03E7C /* Info.plist */ = {isa = PBXFileReference; lastKnownFileType = text.plist.xml; path = Info.plist; sourceTree = "<group>"; };
		12D31D761BEE792200B03E7C /* PulsetvOSTests.xctest */ = {isa = PBXFileReference; explicitFileType = wrapper.cfbundle; includeInIndex = 0; path = PulsetvOSTests.xctest; sourceTree = BUILT_PRODUCTS_DIR; };
		12D31D7A1BEE792200B03E7C /* PulsetvOSTests.swift */ = {isa = PBXFileReference; lastKnownFileType = sourcecode.swift; path = PulsetvOSTests.swift; sourceTree = "<group>"; };
		12D31D7C1BEE792200B03E7C /* Info.plist */ = {isa = PBXFileReference; lastKnownFileType = text.plist.xml; path = Info.plist; sourceTree = "<group>"; };
		12D31D811BEE792200B03E7C /* PulsetvOSUITests.xctest */ = {isa = PBXFileReference; explicitFileType = wrapper.cfbundle; includeInIndex = 0; path = PulsetvOSUITests.xctest; sourceTree = BUILT_PRODUCTS_DIR; };
		12D31D851BEE792200B03E7C /* PulsetvOSUITests.swift */ = {isa = PBXFileReference; lastKnownFileType = sourcecode.swift; path = PulsetvOSUITests.swift; sourceTree = "<group>"; };
		12D31D871BEE792200B03E7C /* Info.plist */ = {isa = PBXFileReference; lastKnownFileType = text.plist.xml; path = Info.plist; sourceTree = "<group>"; };
		12D5F5221BF575A900CF7454 /* Question.swift */ = {isa = PBXFileReference; fileEncoding = 4; lastKnownFileType = sourcecode.swift; path = Question.swift; sourceTree = "<group>"; };
		12D5F5241BF59B3000CF7454 /* ClassSession_Beta.swift */ = {isa = PBXFileReference; fileEncoding = 4; lastKnownFileType = sourcecode.swift; path = ClassSession_Beta.swift; sourceTree = "<group>"; };
		12D5F5261BF59B8500CF7454 /* PulseClass.swift */ = {isa = PBXFileReference; fileEncoding = 4; lastKnownFileType = sourcecode.swift; path = PulseClass.swift; sourceTree = "<group>"; };
		5E6D43062EF75820D5DE0BAE /* Pods-PulsetvOS.release.xcconfig */ = {isa = PBXFileReference; includeInIndex = 1; lastKnownFileType = text.xcconfig; name = "Pods-PulsetvOS.release.xcconfig"; path = "Pods/Target Support Files/Pods-PulsetvOS/Pods-PulsetvOS.release.xcconfig"; sourceTree = "<group>"; };
		B7A1133B144BA89464DD1CC8 /* Pods_PulsetvOS.framework */ = {isa = PBXFileReference; explicitFileType = wrapper.framework; includeInIndex = 0; path = Pods_PulsetvOS.framework; sourceTree = BUILT_PRODUCTS_DIR; };
/* End PBXFileReference section */

/* Begin PBXFrameworksBuildPhase section */
		12D31D621BEE792200B03E7C /* Frameworks */ = {
			isa = PBXFrameworksBuildPhase;
			buildActionMask = 2147483647;
			files = (
				1C8E2030F014E21B07EA74AA /* Pods_PulsetvOS.framework in Frameworks */,
			);
			runOnlyForDeploymentPostprocessing = 0;
		};
		12D31D731BEE792200B03E7C /* Frameworks */ = {
			isa = PBXFrameworksBuildPhase;
			buildActionMask = 2147483647;
			files = (
			);
			runOnlyForDeploymentPostprocessing = 0;
		};
		12D31D7E1BEE792200B03E7C /* Frameworks */ = {
			isa = PBXFrameworksBuildPhase;
			buildActionMask = 2147483647;
			files = (
			);
			runOnlyForDeploymentPostprocessing = 0;
		};
/* End PBXFrameworksBuildPhase section */

/* Begin PBXGroup section */
		12312FF61BEED6DD004DDAD6 /* Models */ = {
			isa = PBXGroup;
			children = (
				12312FF71BEED6F3004DDAD6 /* Model.swift */,
			);
			name = Models;
			sourceTree = "<group>";
		};
		12C570B31BEE8BB10057B35F /* Controllers */ = {
			isa = PBXGroup;
			children = (
				12D31D6A1BEE792200B03E7C /* ViewController.swift */,
			);
			name = Controllers;
			sourceTree = "<group>";
		};
		12C570B41BEE8BBA0057B35F /* Views */ = {
			isa = PBXGroup;
			children = (
				12D31D6C1BEE792200B03E7C /* Main.storyboard */,
			);
			name = Views;
			sourceTree = "<group>";
		};
		12D31D5C1BEE792200B03E7C = {
			isa = PBXGroup;
			children = (
				12D31D671BEE792200B03E7C /* PulsetvOS */,
				12D31D791BEE792200B03E7C /* PulsetvOSTests */,
				12D31D841BEE792200B03E7C /* PulsetvOSUITests */,
				12D31D661BEE792200B03E7C /* Products */,
				F1A75F3F344C8690F6A592A4 /* Pods */,
				F58BA9099D5CC3D7DFA3F72D /* Frameworks */,
			);
			sourceTree = "<group>";
		};
		12D31D661BEE792200B03E7C /* Products */ = {
			isa = PBXGroup;
			children = (
				12D31D651BEE792200B03E7C /* PulsetvOS.app */,
				12D31D761BEE792200B03E7C /* PulsetvOSTests.xctest */,
				12D31D811BEE792200B03E7C /* PulsetvOSUITests.xctest */,
			);
			name = Products;
			sourceTree = "<group>";
		};
		12D31D671BEE792200B03E7C /* PulsetvOS */ = {
			isa = PBXGroup;
			children = (
				12D5F5211BF5759200CF7454 /* ParseObjects */,
				12D31D681BEE792200B03E7C /* AppDelegate.swift */,
				12312FF61BEED6DD004DDAD6 /* Models */,
				12C570B31BEE8BB10057B35F /* Controllers */,
				12C570B41BEE8BBA0057B35F /* Views */,
				12D31D6F1BEE792200B03E7C /* Assets.xcassets */,
				12D31D711BEE792200B03E7C /* Info.plist */,
			);
			path = PulsetvOS;
			sourceTree = "<group>";
		};
		12D31D791BEE792200B03E7C /* PulsetvOSTests */ = {
			isa = PBXGroup;
			children = (
				12D31D7A1BEE792200B03E7C /* PulsetvOSTests.swift */,
				12D31D7C1BEE792200B03E7C /* Info.plist */,
			);
			path = PulsetvOSTests;
			sourceTree = "<group>";
		};
		12D31D841BEE792200B03E7C /* PulsetvOSUITests */ = {
			isa = PBXGroup;
			children = (
				12D31D851BEE792200B03E7C /* PulsetvOSUITests.swift */,
				12D31D871BEE792200B03E7C /* Info.plist */,
			);
			path = PulsetvOSUITests;
			sourceTree = "<group>";
		};
		12D5F5211BF5759200CF7454 /* ParseObjects */ = {
			isa = PBXGroup;
			children = (
				12D5F5221BF575A900CF7454 /* Question.swift */,
				12D5F5241BF59B3000CF7454 /* ClassSession_Beta.swift */,
				12D5F5261BF59B8500CF7454 /* PulseClass.swift */,
			);
			name = ParseObjects;
			sourceTree = "<group>";
		};
		F1A75F3F344C8690F6A592A4 /* Pods */ = {
			isa = PBXGroup;
			children = (
				0C16D5D6B98F149EAFCA33A9 /* Pods-PulsetvOS.debug.xcconfig */,
				5E6D43062EF75820D5DE0BAE /* Pods-PulsetvOS.release.xcconfig */,
			);
			name = Pods;
			sourceTree = "<group>";
		};
		F58BA9099D5CC3D7DFA3F72D /* Frameworks */ = {
			isa = PBXGroup;
			children = (
				B7A1133B144BA89464DD1CC8 /* Pods_PulsetvOS.framework */,
			);
			name = Frameworks;
			sourceTree = "<group>";
		};
/* End PBXGroup section */

/* Begin PBXNativeTarget section */
		12D31D641BEE792200B03E7C /* PulsetvOS */ = {
			isa = PBXNativeTarget;
			buildConfigurationList = 12D31D8A1BEE792200B03E7C /* Build configuration list for PBXNativeTarget "PulsetvOS" */;
			buildPhases = (
				205FC2AE00007F68FA8B318C /* Check Pods Manifest.lock */,
				12D31D611BEE792200B03E7C /* Sources */,
				12D31D621BEE792200B03E7C /* Frameworks */,
				12D31D631BEE792200B03E7C /* Resources */,
				DEE98390F896D25072BC84C3 /* Embed Pods Frameworks */,
				26F0480161ADF9F25B4B0F09 /* Copy Pods Resources */,
			);
			buildRules = (
			);
			dependencies = (
			);
			name = PulsetvOS;
			productName = PulsetvOS;
			productReference = 12D31D651BEE792200B03E7C /* PulsetvOS.app */;
			productType = "com.apple.product-type.application";
		};
		12D31D751BEE792200B03E7C /* PulsetvOSTests */ = {
			isa = PBXNativeTarget;
			buildConfigurationList = 12D31D8D1BEE792200B03E7C /* Build configuration list for PBXNativeTarget "PulsetvOSTests" */;
			buildPhases = (
				12D31D721BEE792200B03E7C /* Sources */,
				12D31D731BEE792200B03E7C /* Frameworks */,
				12D31D741BEE792200B03E7C /* Resources */,
			);
			buildRules = (
			);
			dependencies = (
				12D31D781BEE792200B03E7C /* PBXTargetDependency */,
			);
			name = PulsetvOSTests;
			productName = PulsetvOSTests;
			productReference = 12D31D761BEE792200B03E7C /* PulsetvOSTests.xctest */;
			productType = "com.apple.product-type.bundle.unit-test";
		};
		12D31D801BEE792200B03E7C /* PulsetvOSUITests */ = {
			isa = PBXNativeTarget;
			buildConfigurationList = 12D31D901BEE792200B03E7C /* Build configuration list for PBXNativeTarget "PulsetvOSUITests" */;
			buildPhases = (
				12D31D7D1BEE792200B03E7C /* Sources */,
				12D31D7E1BEE792200B03E7C /* Frameworks */,
				12D31D7F1BEE792200B03E7C /* Resources */,
			);
			buildRules = (
			);
			dependencies = (
				12D31D831BEE792200B03E7C /* PBXTargetDependency */,
			);
			name = PulsetvOSUITests;
			productName = PulsetvOSUITests;
			productReference = 12D31D811BEE792200B03E7C /* PulsetvOSUITests.xctest */;
			productType = "com.apple.product-type.bundle.ui-testing";
		};
/* End PBXNativeTarget section */

/* Begin PBXProject section */
		12D31D5D1BEE792200B03E7C /* Project object */ = {
			isa = PBXProject;
			attributes = {
				LastSwiftUpdateCheck = 0710;
				LastUpgradeCheck = 0710;
				ORGANIZATIONNAME = pulse;
				TargetAttributes = {
					12D31D641BEE792200B03E7C = {
						CreatedOnToolsVersion = 7.1;
					};
					12D31D751BEE792200B03E7C = {
						CreatedOnToolsVersion = 7.1;
						TestTargetID = 12D31D641BEE792200B03E7C;
					};
					12D31D801BEE792200B03E7C = {
						CreatedOnToolsVersion = 7.1;
						TestTargetID = 12D31D641BEE792200B03E7C;
					};
				};
			};
			buildConfigurationList = 12D31D601BEE792200B03E7C /* Build configuration list for PBXProject "PulsetvOS" */;
			compatibilityVersion = "Xcode 3.2";
			developmentRegion = English;
			hasScannedForEncodings = 0;
			knownRegions = (
				en,
				Base,
			);
			mainGroup = 12D31D5C1BEE792200B03E7C;
			productRefGroup = 12D31D661BEE792200B03E7C /* Products */;
			projectDirPath = "";
			projectRoot = "";
			targets = (
				12D31D641BEE792200B03E7C /* PulsetvOS */,
				12D31D751BEE792200B03E7C /* PulsetvOSTests */,
				12D31D801BEE792200B03E7C /* PulsetvOSUITests */,
			);
		};
/* End PBXProject section */

/* Begin PBXResourcesBuildPhase section */
		12D31D631BEE792200B03E7C /* Resources */ = {
			isa = PBXResourcesBuildPhase;
			buildActionMask = 2147483647;
			files = (
				12D31D701BEE792200B03E7C /* Assets.xcassets in Resources */,
				12D31D6E1BEE792200B03E7C /* Main.storyboard in Resources */,
			);
			runOnlyForDeploymentPostprocessing = 0;
		};
		12D31D741BEE792200B03E7C /* Resources */ = {
			isa = PBXResourcesBuildPhase;
			buildActionMask = 2147483647;
			files = (
			);
			runOnlyForDeploymentPostprocessing = 0;
		};
		12D31D7F1BEE792200B03E7C /* Resources */ = {
			isa = PBXResourcesBuildPhase;
			buildActionMask = 2147483647;
			files = (
			);
			runOnlyForDeploymentPostprocessing = 0;
		};
/* End PBXResourcesBuildPhase section */

/* Begin PBXShellScriptBuildPhase section */
		205FC2AE00007F68FA8B318C /* Check Pods Manifest.lock */ = {
			isa = PBXShellScriptBuildPhase;
			buildActionMask = 2147483647;
			files = (
			);
			inputPaths = (
			);
			name = "Check Pods Manifest.lock";
			outputPaths = (
			);
			runOnlyForDeploymentPostprocessing = 0;
			shellPath = /bin/sh;
			shellScript = "diff \"${PODS_ROOT}/../Podfile.lock\" \"${PODS_ROOT}/Manifest.lock\" > /dev/null\nif [[ $? != 0 ]] ; then\n    cat << EOM\nerror: The sandbox is not in sync with the Podfile.lock. Run 'pod install' or update your CocoaPods installation.\nEOM\n    exit 1\nfi\n";
			showEnvVarsInLog = 0;
		};
		26F0480161ADF9F25B4B0F09 /* Copy Pods Resources */ = {
			isa = PBXShellScriptBuildPhase;
			buildActionMask = 2147483647;
			files = (
			);
			inputPaths = (
			);
			name = "Copy Pods Resources";
			outputPaths = (
			);
			runOnlyForDeploymentPostprocessing = 0;
			shellPath = /bin/sh;
			shellScript = "\"${SRCROOT}/Pods/Target Support Files/Pods-PulsetvOS/Pods-PulsetvOS-resources.sh\"\n";
			showEnvVarsInLog = 0;
		};
		DEE98390F896D25072BC84C3 /* Embed Pods Frameworks */ = {
			isa = PBXShellScriptBuildPhase;
			buildActionMask = 2147483647;
			files = (
			);
			inputPaths = (
			);
			name = "Embed Pods Frameworks";
			outputPaths = (
			);
			runOnlyForDeploymentPostprocessing = 0;
			shellPath = /bin/sh;
			shellScript = "\"${SRCROOT}/Pods/Target Support Files/Pods-PulsetvOS/Pods-PulsetvOS-frameworks.sh\"\n";
			showEnvVarsInLog = 0;
		};
/* End PBXShellScriptBuildPhase section */

/* Begin PBXSourcesBuildPhase section */
		12D31D611BEE792200B03E7C /* Sources */ = {
			isa = PBXSourcesBuildPhase;
			buildActionMask = 2147483647;
			files = (
				12D5F5251BF59B3000CF7454 /* ClassSession_Beta.swift in Sources */,
				12312FF81BEED6F3004DDAD6 /* Model.swift in Sources */,
				12D5F5271BF59B8500CF7454 /* PulseClass.swift in Sources */,
				12D5F5231BF575A900CF7454 /* Question.swift in Sources */,
				12D31D6B1BEE792200B03E7C /* ViewController.swift in Sources */,
				12D31D691BEE792200B03E7C /* AppDelegate.swift in Sources */,
			);
			runOnlyForDeploymentPostprocessing = 0;
		};
		12D31D721BEE792200B03E7C /* Sources */ = {
			isa = PBXSourcesBuildPhase;
			buildActionMask = 2147483647;
			files = (
				12D31D7B1BEE792200B03E7C /* PulsetvOSTests.swift in Sources */,
			);
			runOnlyForDeploymentPostprocessing = 0;
		};
		12D31D7D1BEE792200B03E7C /* Sources */ = {
			isa = PBXSourcesBuildPhase;
			buildActionMask = 2147483647;
			files = (
				12D31D861BEE792200B03E7C /* PulsetvOSUITests.swift in Sources */,
			);
			runOnlyForDeploymentPostprocessing = 0;
		};
/* End PBXSourcesBuildPhase section */

/* Begin PBXTargetDependency section */
		12D31D781BEE792200B03E7C /* PBXTargetDependency */ = {
			isa = PBXTargetDependency;
			target = 12D31D641BEE792200B03E7C /* PulsetvOS */;
			targetProxy = 12D31D771BEE792200B03E7C /* PBXContainerItemProxy */;
		};
		12D31D831BEE792200B03E7C /* PBXTargetDependency */ = {
			isa = PBXTargetDependency;
			target = 12D31D641BEE792200B03E7C /* PulsetvOS */;
			targetProxy = 12D31D821BEE792200B03E7C /* PBXContainerItemProxy */;
		};
/* End PBXTargetDependency section */

/* Begin PBXVariantGroup section */
		12D31D6C1BEE792200B03E7C /* Main.storyboard */ = {
			isa = PBXVariantGroup;
			children = (
				12D31D6D1BEE792200B03E7C /* Base */,
			);
			name = Main.storyboard;
			sourceTree = "<group>";
		};
/* End PBXVariantGroup section */

/* Begin XCBuildConfiguration section */
		12D31D881BEE792200B03E7C /* Debug */ = {
			isa = XCBuildConfiguration;
			buildSettings = {
				ALWAYS_SEARCH_USER_PATHS = NO;
				CLANG_CXX_LANGUAGE_STANDARD = "gnu++0x";
				CLANG_CXX_LIBRARY = "libc++";
				CLANG_ENABLE_MODULES = YES;
				CLANG_ENABLE_OBJC_ARC = YES;
				CLANG_WARN_BOOL_CONVERSION = YES;
				CLANG_WARN_CONSTANT_CONVERSION = YES;
				CLANG_WARN_DIRECT_OBJC_ISA_USAGE = YES_ERROR;
				CLANG_WARN_EMPTY_BODY = YES;
				CLANG_WARN_ENUM_CONVERSION = YES;
				CLANG_WARN_INT_CONVERSION = YES;
				CLANG_WARN_OBJC_ROOT_CLASS = YES_ERROR;
				CLANG_WARN_UNREACHABLE_CODE = YES;
				CLANG_WARN__DUPLICATE_METHOD_MATCH = YES;
				COPY_PHASE_STRIP = NO;
				DEBUG_INFORMATION_FORMAT = dwarf;
				ENABLE_STRICT_OBJC_MSGSEND = YES;
				ENABLE_TESTABILITY = YES;
				GCC_C_LANGUAGE_STANDARD = gnu99;
				GCC_DYNAMIC_NO_PIC = NO;
				GCC_NO_COMMON_BLOCKS = YES;
				GCC_OPTIMIZATION_LEVEL = 0;
				GCC_PREPROCESSOR_DEFINITIONS = (
					"DEBUG=1",
					"$(inherited)",
				);
				GCC_WARN_64_TO_32_BIT_CONVERSION = YES;
				GCC_WARN_ABOUT_RETURN_TYPE = YES_ERROR;
				GCC_WARN_UNDECLARED_SELECTOR = YES;
				GCC_WARN_UNINITIALIZED_AUTOS = YES_AGGRESSIVE;
				GCC_WARN_UNUSED_FUNCTION = YES;
				GCC_WARN_UNUSED_VARIABLE = YES;
				MTL_ENABLE_DEBUG_INFO = YES;
				ONLY_ACTIVE_ARCH = YES;
				SDKROOT = appletvos;
				SWIFT_OPTIMIZATION_LEVEL = "-Onone";
				TARGETED_DEVICE_FAMILY = 3;
				TVOS_DEPLOYMENT_TARGET = 9.0;
			};
			name = Debug;
		};
		12D31D891BEE792200B03E7C /* Release */ = {
			isa = XCBuildConfiguration;
			buildSettings = {
				ALWAYS_SEARCH_USER_PATHS = NO;
				CLANG_CXX_LANGUAGE_STANDARD = "gnu++0x";
				CLANG_CXX_LIBRARY = "libc++";
				CLANG_ENABLE_MODULES = YES;
				CLANG_ENABLE_OBJC_ARC = YES;
				CLANG_WARN_BOOL_CONVERSION = YES;
				CLANG_WARN_CONSTANT_CONVERSION = YES;
				CLANG_WARN_DIRECT_OBJC_ISA_USAGE = YES_ERROR;
				CLANG_WARN_EMPTY_BODY = YES;
				CLANG_WARN_ENUM_CONVERSION = YES;
				CLANG_WARN_INT_CONVERSION = YES;
				CLANG_WARN_OBJC_ROOT_CLASS = YES_ERROR;
				CLANG_WARN_UNREACHABLE_CODE = YES;
				CLANG_WARN__DUPLICATE_METHOD_MATCH = YES;
				COPY_PHASE_STRIP = NO;
				DEBUG_INFORMATION_FORMAT = "dwarf-with-dsym";
				ENABLE_NS_ASSERTIONS = NO;
				ENABLE_STRICT_OBJC_MSGSEND = YES;
				GCC_C_LANGUAGE_STANDARD = gnu99;
				GCC_NO_COMMON_BLOCKS = YES;
				GCC_WARN_64_TO_32_BIT_CONVERSION = YES;
				GCC_WARN_ABOUT_RETURN_TYPE = YES_ERROR;
				GCC_WARN_UNDECLARED_SELECTOR = YES;
				GCC_WARN_UNINITIALIZED_AUTOS = YES_AGGRESSIVE;
				GCC_WARN_UNUSED_FUNCTION = YES;
				GCC_WARN_UNUSED_VARIABLE = YES;
				MTL_ENABLE_DEBUG_INFO = NO;
				SDKROOT = appletvos;
				TARGETED_DEVICE_FAMILY = 3;
				TVOS_DEPLOYMENT_TARGET = 9.0;
				VALIDATE_PRODUCT = YES;
			};
			name = Release;
		};
		12D31D8B1BEE792200B03E7C /* Debug */ = {
			isa = XCBuildConfiguration;
			baseConfigurationReference = 0C16D5D6B98F149EAFCA33A9 /* Pods-PulsetvOS.debug.xcconfig */;
			buildSettings = {
				ASSETCATALOG_COMPILER_APPICON_NAME = "App Icon & Top Shelf Image";
				ASSETCATALOG_COMPILER_LAUNCHIMAGE_NAME = LaunchImage;
				INFOPLIST_FILE = PulsetvOS/Info.plist;
				LD_RUNPATH_SEARCH_PATHS = "$(inherited) @executable_path/Frameworks";
				PRODUCT_BUNDLE_IDENTIFIER = com.pulse.PulsetvOS;
				PRODUCT_NAME = "$(TARGET_NAME)";
			};
			name = Debug;
		};
		12D31D8C1BEE792200B03E7C /* Release */ = {
			isa = XCBuildConfiguration;
			baseConfigurationReference = 5E6D43062EF75820D5DE0BAE /* Pods-PulsetvOS.release.xcconfig */;
			buildSettings = {
				ASSETCATALOG_COMPILER_APPICON_NAME = "App Icon & Top Shelf Image";
				ASSETCATALOG_COMPILER_LAUNCHIMAGE_NAME = LaunchImage;
				INFOPLIST_FILE = PulsetvOS/Info.plist;
				LD_RUNPATH_SEARCH_PATHS = "$(inherited) @executable_path/Frameworks";
				PRODUCT_BUNDLE_IDENTIFIER = com.pulse.PulsetvOS;
				PRODUCT_NAME = "$(TARGET_NAME)";
			};
			name = Release;
		};
		12D31D8E1BEE792200B03E7C /* Debug */ = {
			isa = XCBuildConfiguration;
			buildSettings = {
				BUNDLE_LOADER = "$(TEST_HOST)";
				INFOPLIST_FILE = PulsetvOSTests/Info.plist;
				LD_RUNPATH_SEARCH_PATHS = "$(inherited) @executable_path/Frameworks @loader_path/Frameworks";
				PRODUCT_BUNDLE_IDENTIFIER = com.pulse.PulsetvOSTests;
				PRODUCT_NAME = "$(TARGET_NAME)";
				TEST_HOST = "$(BUILT_PRODUCTS_DIR)/PulsetvOS.app/PulsetvOS";
			};
			name = Debug;
		};
		12D31D8F1BEE792200B03E7C /* Release */ = {
			isa = XCBuildConfiguration;
			buildSettings = {
				BUNDLE_LOADER = "$(TEST_HOST)";
				INFOPLIST_FILE = PulsetvOSTests/Info.plist;
				LD_RUNPATH_SEARCH_PATHS = "$(inherited) @executable_path/Frameworks @loader_path/Frameworks";
				PRODUCT_BUNDLE_IDENTIFIER = com.pulse.PulsetvOSTests;
				PRODUCT_NAME = "$(TARGET_NAME)";
				TEST_HOST = "$(BUILT_PRODUCTS_DIR)/PulsetvOS.app/PulsetvOS";
			};
			name = Release;
		};
		12D31D911BEE792200B03E7C /* Debug */ = {
			isa = XCBuildConfiguration;
			buildSettings = {
				INFOPLIST_FILE = PulsetvOSUITests/Info.plist;
				LD_RUNPATH_SEARCH_PATHS = "$(inherited) @executable_path/Frameworks @loader_path/Frameworks";
				PRODUCT_BUNDLE_IDENTIFIER = com.pulse.PulsetvOSUITests;
				PRODUCT_NAME = "$(TARGET_NAME)";
				TEST_TARGET_NAME = PulsetvOS;
				USES_XCTRUNNER = YES;
			};
			name = Debug;
		};
		12D31D921BEE792200B03E7C /* Release */ = {
			isa = XCBuildConfiguration;
			buildSettings = {
				INFOPLIST_FILE = PulsetvOSUITests/Info.plist;
				LD_RUNPATH_SEARCH_PATHS = "$(inherited) @executable_path/Frameworks @loader_path/Frameworks";
				PRODUCT_BUNDLE_IDENTIFIER = com.pulse.PulsetvOSUITests;
				PRODUCT_NAME = "$(TARGET_NAME)";
				TEST_TARGET_NAME = PulsetvOS;
				USES_XCTRUNNER = YES;
			};
			name = Release;
		};
/* End XCBuildConfiguration section */

/* Begin XCConfigurationList section */
		12D31D601BEE792200B03E7C /* Build configuration list for PBXProject "PulsetvOS" */ = {
			isa = XCConfigurationList;
			buildConfigurations = (
				12D31D881BEE792200B03E7C /* Debug */,
				12D31D891BEE792200B03E7C /* Release */,
			);
			defaultConfigurationIsVisible = 0;
			defaultConfigurationName = Release;
		};
		12D31D8A1BEE792200B03E7C /* Build configuration list for PBXNativeTarget "PulsetvOS" */ = {
			isa = XCConfigurationList;
			buildConfigurations = (
				12D31D8B1BEE792200B03E7C /* Debug */,
				12D31D8C1BEE792200B03E7C /* Release */,
			);
			defaultConfigurationIsVisible = 0;
			defaultConfigurationName = Release;
		};
		12D31D8D1BEE792200B03E7C /* Build configuration list for PBXNativeTarget "PulsetvOSTests" */ = {
			isa = XCConfigurationList;
			buildConfigurations = (
				12D31D8E1BEE792200B03E7C /* Debug */,
				12D31D8F1BEE792200B03E7C /* Release */,
			);
			defaultConfigurationIsVisible = 0;
			defaultConfigurationName = Release;
		};
		12D31D901BEE792200B03E7C /* Build configuration list for PBXNativeTarget "PulsetvOSUITests" */ = {
			isa = XCConfigurationList;
			buildConfigurations = (
				12D31D911BEE792200B03E7C /* Debug */,
				12D31D921BEE792200B03E7C /* Release */,
			);
			defaultConfigurationIsVisible = 0;
			defaultConfigurationName = Release;
		};
/* End XCConfigurationList section */
	};
	rootObject = 12D31D5D1BEE792200B03E7C /* Project object */;
}
