// !$*UTF8*$!
{
	archiveVersion = 1;
	classes = {
	};
	objectVersion = 46;
	objects = {

/* Begin PBXBuildFile section */
		123263FCF708BE297E0E9BF6 /* Pods.framework in Frameworks */ = {isa = PBXBuildFile; fileRef = 73EB2D436C16F410A28C953A /* Pods.framework */; };
		12D31D2F1BEE791100B03E7C /* AppDelegate.swift in Sources */ = {isa = PBXBuildFile; fileRef = 12D31D2E1BEE791100B03E7C /* AppDelegate.swift */; };
		12D31D341BEE791100B03E7C /* iPadPulseApp.storyboard in Resources */ = {isa = PBXBuildFile; fileRef = 12D31D321BEE791100B03E7C /* iPadPulseApp.storyboard */; };
		12D31D361BEE791100B03E7C /* Assets.xcassets in Resources */ = {isa = PBXBuildFile; fileRef = 12D31D351BEE791100B03E7C /* Assets.xcassets */; };
		12D31D391BEE791100B03E7C /* LaunchScreen.storyboard in Resources */ = {isa = PBXBuildFile; fileRef = 12D31D371BEE791100B03E7C /* LaunchScreen.storyboard */; };
		12D31D441BEE791100B03E7C /* PulseiOSTests.swift in Sources */ = {isa = PBXBuildFile; fileRef = 12D31D431BEE791100B03E7C /* PulseiOSTests.swift */; };
		12D31D4F1BEE791100B03E7C /* PulseiOSUITests.swift in Sources */ = {isa = PBXBuildFile; fileRef = 12D31D4E1BEE791100B03E7C /* PulseiOSUITests.swift */; };
		4AC149BF1BEF1EC400EF52FA /* Help-100.png in Resources */ = {isa = PBXBuildFile; fileRef = 4AC149BE1BEF1EC400EF52FA /* Help-100.png */; };
		4AC149C11BEF203A00EF52FA /* FullQuestionViewController.swift in Sources */ = {isa = PBXBuildFile; fileRef = 4AC149C01BEF203A00EF52FA /* FullQuestionViewController.swift */; };
		4AE1687D1BEEEBB100150474 /* logo.png in Resources */ = {isa = PBXBuildFile; fileRef = 4AE1687C1BEEEBB100150474 /* logo.png */; };
		F158C8E41BF7F139001E6A89 /* iPadAnswersViewController.swift in Sources */ = {isa = PBXBuildFile; fileRef = F158C8E31BF7F139001E6A89 /* iPadAnswersViewController.swift */; };
		F158C8E61BF7F6AA001E6A89 /* iPhonePulseApp.storyboard in Resources */ = {isa = PBXBuildFile; fileRef = F158C8E51BF7F6AA001E6A89 /* iPhonePulseApp.storyboard */; };
		F158C8E81BF7F823001E6A89 /* DeviceViewController.swift in Sources */ = {isa = PBXBuildFile; fileRef = F158C8E71BF7F823001E6A89 /* DeviceViewController.swift */; };
		F158C8EC1BF7FAF8001E6A89 /* User.swift in Sources */ = {isa = PBXBuildFile; fileRef = F158C8EB1BF7FAF8001E6A89 /* User.swift */; };
		F163BF3F1BEECA7A0051D505 /* Checked Filled-100.png in Resources */ = {isa = PBXBuildFile; fileRef = F163BF3E1BEECA7A0051D505 /* Checked Filled-100.png */; };
		F163BF411BEECA7F0051D505 /* Checked-100.png in Resources */ = {isa = PBXBuildFile; fileRef = F163BF401BEECA7F0051D505 /* Checked-100.png */; };
		F1888FBC1BF6F1C000A3B75D /* Constants.swift in Sources */ = {isa = PBXBuildFile; fileRef = F1888FBB1BF6F1C000A3B75D /* Constants.swift */; };
		F1EF36B61BF813BC00DFE8A9 /* iPadLogInViewController.swift in Sources */ = {isa = PBXBuildFile; fileRef = F1EF36B51BF813BC00DFE8A9 /* iPadLogInViewController.swift */; };
		F1EF36B81BF8140B00DFE8A9 /* DeviceLogInViewController.swift in Sources */ = {isa = PBXBuildFile; fileRef = F1EF36B71BF8140B00DFE8A9 /* DeviceLogInViewController.swift */; };
/* End PBXBuildFile section */

/* Begin PBXContainerItemProxy section */
		12D31D401BEE791100B03E7C /* PBXContainerItemProxy */ = {
			isa = PBXContainerItemProxy;
			containerPortal = 12D31D231BEE791100B03E7C /* Project object */;
			proxyType = 1;
			remoteGlobalIDString = 12D31D2A1BEE791100B03E7C;
			remoteInfo = PulseiOS;
		};
		12D31D4B1BEE791100B03E7C /* PBXContainerItemProxy */ = {
			isa = PBXContainerItemProxy;
			containerPortal = 12D31D231BEE791100B03E7C /* Project object */;
			proxyType = 1;
			remoteGlobalIDString = 12D31D2A1BEE791100B03E7C;
			remoteInfo = PulseiOS;
		};
/* End PBXContainerItemProxy section */

/* Begin PBXFileReference section */
		0624EF03815CFD2E09DC9387 /* Pods.release.xcconfig */ = {isa = PBXFileReference; includeInIndex = 1; lastKnownFileType = text.xcconfig; name = Pods.release.xcconfig; path = "Pods/Target Support Files/Pods/Pods.release.xcconfig"; sourceTree = "<group>"; };
		12D31D2B1BEE791100B03E7C /* PulseiOS.app */ = {isa = PBXFileReference; explicitFileType = wrapper.application; includeInIndex = 0; path = PulseiOS.app; sourceTree = BUILT_PRODUCTS_DIR; };
		12D31D2E1BEE791100B03E7C /* AppDelegate.swift */ = {isa = PBXFileReference; lastKnownFileType = sourcecode.swift; path = AppDelegate.swift; sourceTree = "<group>"; };
		12D31D331BEE791100B03E7C /* Base */ = {isa = PBXFileReference; lastKnownFileType = file.storyboard; name = Base; path = Base.lproj/iPadPulseApp.storyboard; sourceTree = "<group>"; };
		12D31D351BEE791100B03E7C /* Assets.xcassets */ = {isa = PBXFileReference; lastKnownFileType = folder.assetcatalog; path = Assets.xcassets; sourceTree = "<group>"; };
		12D31D381BEE791100B03E7C /* Base */ = {isa = PBXFileReference; lastKnownFileType = file.storyboard; name = Base; path = Base.lproj/LaunchScreen.storyboard; sourceTree = "<group>"; };
		12D31D3A1BEE791100B03E7C /* Info.plist */ = {isa = PBXFileReference; lastKnownFileType = text.plist.xml; path = Info.plist; sourceTree = "<group>"; };
		12D31D3F1BEE791100B03E7C /* PulseiOSTests.xctest */ = {isa = PBXFileReference; explicitFileType = wrapper.cfbundle; includeInIndex = 0; path = PulseiOSTests.xctest; sourceTree = BUILT_PRODUCTS_DIR; };
		12D31D431BEE791100B03E7C /* PulseiOSTests.swift */ = {isa = PBXFileReference; lastKnownFileType = sourcecode.swift; path = PulseiOSTests.swift; sourceTree = "<group>"; };
		12D31D451BEE791100B03E7C /* Info.plist */ = {isa = PBXFileReference; lastKnownFileType = text.plist.xml; path = Info.plist; sourceTree = "<group>"; };
		12D31D4A1BEE791100B03E7C /* PulseiOSUITests.xctest */ = {isa = PBXFileReference; explicitFileType = wrapper.cfbundle; includeInIndex = 0; path = PulseiOSUITests.xctest; sourceTree = BUILT_PRODUCTS_DIR; };
		12D31D4E1BEE791100B03E7C /* PulseiOSUITests.swift */ = {isa = PBXFileReference; lastKnownFileType = sourcecode.swift; path = PulseiOSUITests.swift; sourceTree = "<group>"; };
		12D31D501BEE791100B03E7C /* Info.plist */ = {isa = PBXFileReference; lastKnownFileType = text.plist.xml; path = Info.plist; sourceTree = "<group>"; };
		4AC149BE1BEF1EC400EF52FA /* Help-100.png */ = {isa = PBXFileReference; lastKnownFileType = image.png; path = "Help-100.png"; sourceTree = "<group>"; };
		4AC149C01BEF203A00EF52FA /* FullQuestionViewController.swift */ = {isa = PBXFileReference; fileEncoding = 4; lastKnownFileType = sourcecode.swift; path = FullQuestionViewController.swift; sourceTree = "<group>"; };
		4AE1687C1BEEEBB100150474 /* logo.png */ = {isa = PBXFileReference; lastKnownFileType = image.png; path = logo.png; sourceTree = "<group>"; };
		73EB2D436C16F410A28C953A /* Pods.framework */ = {isa = PBXFileReference; explicitFileType = wrapper.framework; includeInIndex = 0; path = Pods.framework; sourceTree = BUILT_PRODUCTS_DIR; };
		D0C81FEA2B8EA818DBD76446 /* Pods.debug.xcconfig */ = {isa = PBXFileReference; includeInIndex = 1; lastKnownFileType = text.xcconfig; name = Pods.debug.xcconfig; path = "Pods/Target Support Files/Pods/Pods.debug.xcconfig"; sourceTree = "<group>"; };
		F158C8E31BF7F139001E6A89 /* iPadAnswersViewController.swift */ = {isa = PBXFileReference; fileEncoding = 4; lastKnownFileType = sourcecode.swift; path = iPadAnswersViewController.swift; sourceTree = "<group>"; };
		F158C8E51BF7F6AA001E6A89 /* iPhonePulseApp.storyboard */ = {isa = PBXFileReference; fileEncoding = 4; lastKnownFileType = file.storyboard; path = iPhonePulseApp.storyboard; sourceTree = "<group>"; };
		F158C8E71BF7F823001E6A89 /* DeviceViewController.swift */ = {isa = PBXFileReference; fileEncoding = 4; lastKnownFileType = sourcecode.swift; path = DeviceViewController.swift; sourceTree = "<group>"; };
		F158C8EB1BF7FAF8001E6A89 /* User.swift */ = {isa = PBXFileReference; fileEncoding = 4; lastKnownFileType = sourcecode.swift; path = User.swift; sourceTree = "<group>"; };
		F163BF3E1BEECA7A0051D505 /* Checked Filled-100.png */ = {isa = PBXFileReference; lastKnownFileType = image.png; path = "Checked Filled-100.png"; sourceTree = "<group>"; };
		F163BF401BEECA7F0051D505 /* Checked-100.png */ = {isa = PBXFileReference; lastKnownFileType = image.png; path = "Checked-100.png"; sourceTree = "<group>"; };
		F1888FBB1BF6F1C000A3B75D /* Constants.swift */ = {isa = PBXFileReference; fileEncoding = 4; lastKnownFileType = sourcecode.swift; path = Constants.swift; sourceTree = "<group>"; };
		F1EF36B51BF813BC00DFE8A9 /* iPadLogInViewController.swift */ = {isa = PBXFileReference; fileEncoding = 4; lastKnownFileType = sourcecode.swift; path = iPadLogInViewController.swift; sourceTree = "<group>"; };
		F1EF36B71BF8140B00DFE8A9 /* DeviceLogInViewController.swift */ = {isa = PBXFileReference; fileEncoding = 4; lastKnownFileType = sourcecode.swift; path = DeviceLogInViewController.swift; sourceTree = "<group>"; };
/* End PBXFileReference section */

/* Begin PBXFrameworksBuildPhase section */
		12D31D281BEE791100B03E7C /* Frameworks */ = {
			isa = PBXFrameworksBuildPhase;
			buildActionMask = 2147483647;
			files = (
				123263FCF708BE297E0E9BF6 /* Pods.framework in Frameworks */,
			);
			runOnlyForDeploymentPostprocessing = 0;
		};
		12D31D3C1BEE791100B03E7C /* Frameworks */ = {
			isa = PBXFrameworksBuildPhase;
			buildActionMask = 2147483647;
			files = (
			);
			runOnlyForDeploymentPostprocessing = 0;
		};
		12D31D471BEE791100B03E7C /* Frameworks */ = {
			isa = PBXFrameworksBuildPhase;
			buildActionMask = 2147483647;
			files = (
			);
			runOnlyForDeploymentPostprocessing = 0;
		};
/* End PBXFrameworksBuildPhase section */

/* Begin PBXGroup section */
		12D31D221BEE791100B03E7C = {
			isa = PBXGroup;
			children = (
				12D31D2D1BEE791100B03E7C /* PulseiOS */,
				12D31D421BEE791100B03E7C /* PulseiOSTests */,
				12D31D4D1BEE791100B03E7C /* PulseiOSUITests */,
				12D31D2C1BEE791100B03E7C /* Products */,
				D8F7F33001FD1CBE2292BFC2 /* Pods */,
				F6DC594ED2DE0AB18693EB54 /* Frameworks */,
			);
			sourceTree = "<group>";
		};
		12D31D2C1BEE791100B03E7C /* Products */ = {
			isa = PBXGroup;
			children = (
				12D31D2B1BEE791100B03E7C /* PulseiOS.app */,
				12D31D3F1BEE791100B03E7C /* PulseiOSTests.xctest */,
				12D31D4A1BEE791100B03E7C /* PulseiOSUITests.xctest */,
			);
			name = Products;
			sourceTree = "<group>";
		};
		12D31D2D1BEE791100B03E7C /* PulseiOS */ = {
			isa = PBXGroup;
			children = (
				F111DD621BEE7D8700E10C7F /* Model */,
				F111DD631BEE7D9D00E10C7F /* View */,
				F111DD641BEE7DC500E10C7F /* Controller */,
				F111DD651BEE7DCC00E10C7F /* Supporting Files */,
				F1F9DE511BF713EE00C1E30D /* Assets */,
			);
			path = PulseiOS;
			sourceTree = "<group>";
		};
		12D31D421BEE791100B03E7C /* PulseiOSTests */ = {
			isa = PBXGroup;
			children = (
				12D31D431BEE791100B03E7C /* PulseiOSTests.swift */,
				12D31D451BEE791100B03E7C /* Info.plist */,
			);
			path = PulseiOSTests;
			sourceTree = "<group>";
		};
		12D31D4D1BEE791100B03E7C /* PulseiOSUITests */ = {
			isa = PBXGroup;
			children = (
				12D31D4E1BEE791100B03E7C /* PulseiOSUITests.swift */,
				12D31D501BEE791100B03E7C /* Info.plist */,
			);
			path = PulseiOSUITests;
			sourceTree = "<group>";
		};
		D8F7F33001FD1CBE2292BFC2 /* Pods */ = {
			isa = PBXGroup;
			children = (
				D0C81FEA2B8EA818DBD76446 /* Pods.debug.xcconfig */,
				0624EF03815CFD2E09DC9387 /* Pods.release.xcconfig */,
			);
			name = Pods;
			sourceTree = "<group>";
		};
		F111DD621BEE7D8700E10C7F /* Model */ = {
			isa = PBXGroup;
			children = (
				F1888FBB1BF6F1C000A3B75D /* Constants.swift */,
				F158C8EB1BF7FAF8001E6A89 /* User.swift */,
			);
			name = Model;
			sourceTree = "<group>";
		};
		F111DD631BEE7D9D00E10C7F /* View */ = {
			isa = PBXGroup;
			children = (
				12D31D321BEE791100B03E7C /* iPadPulseApp.storyboard */,
				F158C8E51BF7F6AA001E6A89 /* iPhonePulseApp.storyboard */,
			);
			name = View;
			sourceTree = "<group>";
		};
		F111DD641BEE7DC500E10C7F /* Controller */ = {
			isa = PBXGroup;
			children = (
				F158C8E91BF7F826001E6A89 /* Device */,
				F158C8E21BF7F017001E6A89 /* iPad */,
				F158C8EA1BF7FA48001E6A89 /* iPhone */,
			);
			name = Controller;
			sourceTree = "<group>";
		};
		F111DD651BEE7DCC00E10C7F /* Supporting Files */ = {
			isa = PBXGroup;
			children = (
				12D31D2E1BEE791100B03E7C /* AppDelegate.swift */,
				12D31D371BEE791100B03E7C /* LaunchScreen.storyboard */,
				12D31D351BEE791100B03E7C /* Assets.xcassets */,
				12D31D3A1BEE791100B03E7C /* Info.plist */,
			);
			name = "Supporting Files";
			sourceTree = "<group>";
		};
		F158C8E21BF7F017001E6A89 /* iPad */ = {
			isa = PBXGroup;
			children = (
				F1EF36B51BF813BC00DFE8A9 /* iPadLogInViewController.swift */,
				F158C8E31BF7F139001E6A89 /* iPadAnswersViewController.swift */,
				4AC149C01BEF203A00EF52FA /* FullQuestionViewController.swift */,
			);
			name = iPad;
			sourceTree = "<group>";
		};
		F158C8E91BF7F826001E6A89 /* Device */ = {
			isa = PBXGroup;
			children = (
				F158C8E71BF7F823001E6A89 /* DeviceViewController.swift */,
				F1EF36B71BF8140B00DFE8A9 /* DeviceLogInViewController.swift */,
			);
			name = Device;
			sourceTree = "<group>";
		};
		F158C8EA1BF7FA48001E6A89 /* iPhone */ = {
			isa = PBXGroup;
			children = (
			);
			name = iPhone;
			sourceTree = "<group>";
		};
		F163BF391BEECA220051D505 /* ViewController Assets */ = {
			isa = PBXGroup;
			children = (
				F163BF3E1BEECA7A0051D505 /* Checked Filled-100.png */,
				F163BF401BEECA7F0051D505 /* Checked-100.png */,
			);
			name = "ViewController Assets";
			sourceTree = "<group>";
		};
		F1BE1FAF1BEF00960021C06A /* LogInViewController Assets */ = {
			isa = PBXGroup;
			children = (
				4AC149BE1BEF1EC400EF52FA /* Help-100.png */,
				4AE1687C1BEEEBB100150474 /* logo.png */,
			);
			name = "LogInViewController Assets";
			sourceTree = "<group>";
		};
		F1F9DE511BF713EE00C1E30D /* Assets */ = {
			isa = PBXGroup;
			children = (
				F163BF391BEECA220051D505 /* ViewController Assets */,
				F1BE1FAF1BEF00960021C06A /* LogInViewController Assets */,
			);
			name = Assets;
			sourceTree = "<group>";
		};
		F6DC594ED2DE0AB18693EB54 /* Frameworks */ = {
			isa = PBXGroup;
			children = (
				73EB2D436C16F410A28C953A /* Pods.framework */,
			);
			name = Frameworks;
			sourceTree = "<group>";
		};
/* End PBXGroup section */

/* Begin PBXNativeTarget section */
		12D31D2A1BEE791100B03E7C /* PulseiOS */ = {
			isa = PBXNativeTarget;
			buildConfigurationList = 12D31D531BEE791100B03E7C /* Build configuration list for PBXNativeTarget "PulseiOS" */;
			buildPhases = (
				87770C23C4F7699BA6A3C4DA /* Check Pods Manifest.lock */,
				12D31D271BEE791100B03E7C /* Sources */,
				12D31D281BEE791100B03E7C /* Frameworks */,
				12D31D291BEE791100B03E7C /* Resources */,
				AFDDAD71D2E2FBE4FFC335C3 /* Embed Pods Frameworks */,
				3122876B353B59EFB34C8491 /* Copy Pods Resources */,
			);
			buildRules = (
			);
			dependencies = (
			);
			name = PulseiOS;
			productName = PulseiOS;
			productReference = 12D31D2B1BEE791100B03E7C /* PulseiOS.app */;
			productType = "com.apple.product-type.application";
		};
		12D31D3E1BEE791100B03E7C /* PulseiOSTests */ = {
			isa = PBXNativeTarget;
			buildConfigurationList = 12D31D561BEE791100B03E7C /* Build configuration list for PBXNativeTarget "PulseiOSTests" */;
			buildPhases = (
				12D31D3B1BEE791100B03E7C /* Sources */,
				12D31D3C1BEE791100B03E7C /* Frameworks */,
				12D31D3D1BEE791100B03E7C /* Resources */,
			);
			buildRules = (
			);
			dependencies = (
				12D31D411BEE791100B03E7C /* PBXTargetDependency */,
			);
			name = PulseiOSTests;
			productName = PulseiOSTests;
			productReference = 12D31D3F1BEE791100B03E7C /* PulseiOSTests.xctest */;
			productType = "com.apple.product-type.bundle.unit-test";
		};
		12D31D491BEE791100B03E7C /* PulseiOSUITests */ = {
			isa = PBXNativeTarget;
			buildConfigurationList = 12D31D591BEE791100B03E7C /* Build configuration list for PBXNativeTarget "PulseiOSUITests" */;
			buildPhases = (
				12D31D461BEE791100B03E7C /* Sources */,
				12D31D471BEE791100B03E7C /* Frameworks */,
				12D31D481BEE791100B03E7C /* Resources */,
			);
			buildRules = (
			);
			dependencies = (
				12D31D4C1BEE791100B03E7C /* PBXTargetDependency */,
			);
			name = PulseiOSUITests;
			productName = PulseiOSUITests;
			productReference = 12D31D4A1BEE791100B03E7C /* PulseiOSUITests.xctest */;
			productType = "com.apple.product-type.bundle.ui-testing";
		};
/* End PBXNativeTarget section */

/* Begin PBXProject section */
		12D31D231BEE791100B03E7C /* Project object */ = {
			isa = PBXProject;
			attributes = {
				LastSwiftUpdateCheck = 0710;
				LastUpgradeCheck = 0710;
				ORGANIZATIONNAME = pulse;
				TargetAttributes = {
					12D31D2A1BEE791100B03E7C = {
						CreatedOnToolsVersion = 7.1;
						DevelopmentTeam = SHFR6F3SXM;
						SystemCapabilities = {
							com.apple.Push = {
								enabled = 0;
							};
						};
					};
					12D31D3E1BEE791100B03E7C = {
						CreatedOnToolsVersion = 7.1;
						TestTargetID = 12D31D2A1BEE791100B03E7C;
					};
					12D31D491BEE791100B03E7C = {
						CreatedOnToolsVersion = 7.1;
						TestTargetID = 12D31D2A1BEE791100B03E7C;
					};
				};
			};
			buildConfigurationList = 12D31D261BEE791100B03E7C /* Build configuration list for PBXProject "PulseiOS" */;
			compatibilityVersion = "Xcode 3.2";
			developmentRegion = English;
			hasScannedForEncodings = 0;
			knownRegions = (
				en,
				Base,
			);
			mainGroup = 12D31D221BEE791100B03E7C;
			productRefGroup = 12D31D2C1BEE791100B03E7C /* Products */;
			projectDirPath = "";
			projectRoot = "";
			targets = (
				12D31D2A1BEE791100B03E7C /* PulseiOS */,
				12D31D3E1BEE791100B03E7C /* PulseiOSTests */,
				12D31D491BEE791100B03E7C /* PulseiOSUITests */,
			);
		};
/* End PBXProject section */

/* Begin PBXResourcesBuildPhase section */
		12D31D291BEE791100B03E7C /* Resources */ = {
			isa = PBXResourcesBuildPhase;
			buildActionMask = 2147483647;
			files = (
				F163BF411BEECA7F0051D505 /* Checked-100.png in Resources */,
				4AC149BF1BEF1EC400EF52FA /* Help-100.png in Resources */,
				12D31D391BEE791100B03E7C /* LaunchScreen.storyboard in Resources */,
				4AE1687D1BEEEBB100150474 /* logo.png in Resources */,
				12D31D361BEE791100B03E7C /* Assets.xcassets in Resources */,
				F158C8E61BF7F6AA001E6A89 /* iPhonePulseApp.storyboard in Resources */,
				F163BF3F1BEECA7A0051D505 /* Checked Filled-100.png in Resources */,
				12D31D341BEE791100B03E7C /* iPadPulseApp.storyboard in Resources */,
			);
			runOnlyForDeploymentPostprocessing = 0;
		};
		12D31D3D1BEE791100B03E7C /* Resources */ = {
			isa = PBXResourcesBuildPhase;
			buildActionMask = 2147483647;
			files = (
			);
			runOnlyForDeploymentPostprocessing = 0;
		};
		12D31D481BEE791100B03E7C /* Resources */ = {
			isa = PBXResourcesBuildPhase;
			buildActionMask = 2147483647;
			files = (
			);
			runOnlyForDeploymentPostprocessing = 0;
		};
/* End PBXResourcesBuildPhase section */

/* Begin PBXShellScriptBuildPhase section */
		3122876B353B59EFB34C8491 /* Copy Pods Resources */ = {
			isa = PBXShellScriptBuildPhase;
			buildActionMask = 2147483647;
			files = (
			);
			inputPaths = (
			);
			name = "Copy Pods Resources";
			outputPaths = (
			);
			runOnlyForDeploymentPostprocessing = 0;
			shellPath = /bin/sh;
			shellScript = "\"${SRCROOT}/Pods/Target Support Files/Pods/Pods-resources.sh\"\n";
			showEnvVarsInLog = 0;
		};
		87770C23C4F7699BA6A3C4DA /* Check Pods Manifest.lock */ = {
			isa = PBXShellScriptBuildPhase;
			buildActionMask = 2147483647;
			files = (
			);
			inputPaths = (
			);
			name = "Check Pods Manifest.lock";
			outputPaths = (
			);
			runOnlyForDeploymentPostprocessing = 0;
			shellPath = /bin/sh;
			shellScript = "diff \"${PODS_ROOT}/../Podfile.lock\" \"${PODS_ROOT}/Manifest.lock\" > /dev/null\nif [[ $? != 0 ]] ; then\n    cat << EOM\nerror: The sandbox is not in sync with the Podfile.lock. Run 'pod install' or update your CocoaPods installation.\nEOM\n    exit 1\nfi\n";
			showEnvVarsInLog = 0;
		};
		AFDDAD71D2E2FBE4FFC335C3 /* Embed Pods Frameworks */ = {
			isa = PBXShellScriptBuildPhase;
			buildActionMask = 2147483647;
			files = (
			);
			inputPaths = (
			);
			name = "Embed Pods Frameworks";
			outputPaths = (
			);
			runOnlyForDeploymentPostprocessing = 0;
			shellPath = /bin/sh;
			shellScript = "\"${SRCROOT}/Pods/Target Support Files/Pods/Pods-frameworks.sh\"\n";
			showEnvVarsInLog = 0;
		};
/* End PBXShellScriptBuildPhase section */

/* Begin PBXSourcesBuildPhase section */
		12D31D271BEE791100B03E7C /* Sources */ = {
			isa = PBXSourcesBuildPhase;
			buildActionMask = 2147483647;
			files = (
				F1888FBC1BF6F1C000A3B75D /* Constants.swift in Sources */,
				F158C8E81BF7F823001E6A89 /* DeviceViewController.swift in Sources */,
				F1EF36B81BF8140B00DFE8A9 /* DeviceLogInViewController.swift in Sources */,
				4AC149C11BEF203A00EF52FA /* FullQuestionViewController.swift in Sources */,
				F158C8E41BF7F139001E6A89 /* iPadAnswersViewController.swift in Sources */,
				12D31D2F1BEE791100B03E7C /* AppDelegate.swift in Sources */,
				F1EF36B61BF813BC00DFE8A9 /* iPadLogInViewController.swift in Sources */,
				F158C8EC1BF7FAF8001E6A89 /* User.swift in Sources */,
			);
			runOnlyForDeploymentPostprocessing = 0;
		};
		12D31D3B1BEE791100B03E7C /* Sources */ = {
			isa = PBXSourcesBuildPhase;
			buildActionMask = 2147483647;
			files = (
				12D31D441BEE791100B03E7C /* PulseiOSTests.swift in Sources */,
			);
			runOnlyForDeploymentPostprocessing = 0;
		};
		12D31D461BEE791100B03E7C /* Sources */ = {
			isa = PBXSourcesBuildPhase;
			buildActionMask = 2147483647;
			files = (
				12D31D4F1BEE791100B03E7C /* PulseiOSUITests.swift in Sources */,
			);
			runOnlyForDeploymentPostprocessing = 0;
		};
/* End PBXSourcesBuildPhase section */

/* Begin PBXTargetDependency section */
		12D31D411BEE791100B03E7C /* PBXTargetDependency */ = {
			isa = PBXTargetDependency;
			target = 12D31D2A1BEE791100B03E7C /* PulseiOS */;
			targetProxy = 12D31D401BEE791100B03E7C /* PBXContainerItemProxy */;
		};
		12D31D4C1BEE791100B03E7C /* PBXTargetDependency */ = {
			isa = PBXTargetDependency;
			target = 12D31D2A1BEE791100B03E7C /* PulseiOS */;
			targetProxy = 12D31D4B1BEE791100B03E7C /* PBXContainerItemProxy */;
		};
/* End PBXTargetDependency section */

/* Begin PBXVariantGroup section */
		12D31D321BEE791100B03E7C /* iPadPulseApp.storyboard */ = {
			isa = PBXVariantGroup;
			children = (
				12D31D331BEE791100B03E7C /* Base */,
			);
			name = iPadPulseApp.storyboard;
			sourceTree = "<group>";
		};
		12D31D371BEE791100B03E7C /* LaunchScreen.storyboard */ = {
			isa = PBXVariantGroup;
			children = (
				12D31D381BEE791100B03E7C /* Base */,
			);
			name = LaunchScreen.storyboard;
			sourceTree = "<group>";
		};
/* End PBXVariantGroup section */

/* Begin XCBuildConfiguration section */
		12D31D511BEE791100B03E7C /* Debug */ = {
			isa = XCBuildConfiguration;
			buildSettings = {
				ALWAYS_SEARCH_USER_PATHS = NO;
				CLANG_CXX_LANGUAGE_STANDARD = "gnu++0x";
				CLANG_CXX_LIBRARY = "libc++";
				CLANG_ENABLE_MODULES = YES;
				CLANG_ENABLE_OBJC_ARC = YES;
				CLANG_WARN_BOOL_CONVERSION = YES;
				CLANG_WARN_CONSTANT_CONVERSION = YES;
				CLANG_WARN_DIRECT_OBJC_ISA_USAGE = YES_ERROR;
				CLANG_WARN_EMPTY_BODY = YES;
				CLANG_WARN_ENUM_CONVERSION = YES;
				CLANG_WARN_INT_CONVERSION = YES;
				CLANG_WARN_OBJC_ROOT_CLASS = YES_ERROR;
				CLANG_WARN_UNREACHABLE_CODE = YES;
				CLANG_WARN__DUPLICATE_METHOD_MATCH = YES;
				"CODE_SIGN_IDENTITY[sdk=iphoneos*]" = "iPhone Developer";
				COPY_PHASE_STRIP = NO;
				DEBUG_INFORMATION_FORMAT = dwarf;
				ENABLE_STRICT_OBJC_MSGSEND = YES;
				ENABLE_TESTABILITY = YES;
				GCC_C_LANGUAGE_STANDARD = gnu99;
				GCC_DYNAMIC_NO_PIC = NO;
				GCC_NO_COMMON_BLOCKS = YES;
				GCC_OPTIMIZATION_LEVEL = 0;
				GCC_PREPROCESSOR_DEFINITIONS = (
					"DEBUG=1",
					"$(inherited)",
				);
				GCC_WARN_64_TO_32_BIT_CONVERSION = YES;
				GCC_WARN_ABOUT_RETURN_TYPE = YES_ERROR;
				GCC_WARN_UNDECLARED_SELECTOR = YES;
				GCC_WARN_UNINITIALIZED_AUTOS = YES_AGGRESSIVE;
				GCC_WARN_UNUSED_FUNCTION = YES;
				GCC_WARN_UNUSED_VARIABLE = YES;
				IPHONEOS_DEPLOYMENT_TARGET = 9.1;
				MTL_ENABLE_DEBUG_INFO = YES;
				ONLY_ACTIVE_ARCH = YES;
				SDKROOT = iphoneos;
				SWIFT_OPTIMIZATION_LEVEL = "-Onone";
				TARGETED_DEVICE_FAMILY = "1,2";
			};
			name = Debug;
		};
		12D31D521BEE791100B03E7C /* Release */ = {
			isa = XCBuildConfiguration;
			buildSettings = {
				ALWAYS_SEARCH_USER_PATHS = NO;
				CLANG_CXX_LANGUAGE_STANDARD = "gnu++0x";
				CLANG_CXX_LIBRARY = "libc++";
				CLANG_ENABLE_MODULES = YES;
				CLANG_ENABLE_OBJC_ARC = YES;
				CLANG_WARN_BOOL_CONVERSION = YES;
				CLANG_WARN_CONSTANT_CONVERSION = YES;
				CLANG_WARN_DIRECT_OBJC_ISA_USAGE = YES_ERROR;
				CLANG_WARN_EMPTY_BODY = YES;
				CLANG_WARN_ENUM_CONVERSION = YES;
				CLANG_WARN_INT_CONVERSION = YES;
				CLANG_WARN_OBJC_ROOT_CLASS = YES_ERROR;
				CLANG_WARN_UNREACHABLE_CODE = YES;
				CLANG_WARN__DUPLICATE_METHOD_MATCH = YES;
				"CODE_SIGN_IDENTITY[sdk=iphoneos*]" = "iPhone Developer";
				COPY_PHASE_STRIP = NO;
				DEBUG_INFORMATION_FORMAT = "dwarf-with-dsym";
				ENABLE_NS_ASSERTIONS = NO;
				ENABLE_STRICT_OBJC_MSGSEND = YES;
				GCC_C_LANGUAGE_STANDARD = gnu99;
				GCC_NO_COMMON_BLOCKS = YES;
				GCC_WARN_64_TO_32_BIT_CONVERSION = YES;
				GCC_WARN_ABOUT_RETURN_TYPE = YES_ERROR;
				GCC_WARN_UNDECLARED_SELECTOR = YES;
				GCC_WARN_UNINITIALIZED_AUTOS = YES_AGGRESSIVE;
				GCC_WARN_UNUSED_FUNCTION = YES;
				GCC_WARN_UNUSED_VARIABLE = YES;
				IPHONEOS_DEPLOYMENT_TARGET = 9.1;
				MTL_ENABLE_DEBUG_INFO = NO;
				SDKROOT = iphoneos;
				TARGETED_DEVICE_FAMILY = "1,2";
				VALIDATE_PRODUCT = YES;
			};
			name = Release;
		};
		12D31D541BEE791100B03E7C /* Debug */ = {
			isa = XCBuildConfiguration;
			baseConfigurationReference = D0C81FEA2B8EA818DBD76446 /* Pods.debug.xcconfig */;
			buildSettings = {
				ASSETCATALOG_COMPILER_APPICON_NAME = AppIcon;
				CODE_SIGN_IDENTITY = "iPhone Developer";
				"CODE_SIGN_IDENTITY[sdk=iphoneos*]" = "iPhone Developer";
				INFOPLIST_FILE = PulseiOS/Info.plist;
				LD_RUNPATH_SEARCH_PATHS = "$(inherited) @executable_path/Frameworks";
				PRODUCT_BUNDLE_IDENTIFIER = com.pulse.PulseiOS;
				PRODUCT_NAME = "$(TARGET_NAME)";
				PROVISIONING_PROFILE = "";
				TARGETED_DEVICE_FAMILY = "1,2";
			};
			name = Debug;
		};
		12D31D551BEE791100B03E7C /* Release */ = {
			isa = XCBuildConfiguration;
			baseConfigurationReference = 0624EF03815CFD2E09DC9387 /* Pods.release.xcconfig */;
			buildSettings = {
				ASSETCATALOG_COMPILER_APPICON_NAME = AppIcon;
				CODE_SIGN_IDENTITY = "iPhone Developer";
				"CODE_SIGN_IDENTITY[sdk=iphoneos*]" = "iPhone Developer";
				INFOPLIST_FILE = PulseiOS/Info.plist;
				LD_RUNPATH_SEARCH_PATHS = "$(inherited) @executable_path/Frameworks";
				PRODUCT_BUNDLE_IDENTIFIER = com.pulse.PulseiOS;
				PRODUCT_NAME = "$(TARGET_NAME)";
				PROVISIONING_PROFILE = "";
				TARGETED_DEVICE_FAMILY = "1,2";
			};
			name = Release;
		};
		12D31D571BEE791100B03E7C /* Debug */ = {
			isa = XCBuildConfiguration;
			buildSettings = {
				BUNDLE_LOADER = "$(TEST_HOST)";
				INFOPLIST_FILE = PulseiOSTests/Info.plist;
				LD_RUNPATH_SEARCH_PATHS = "$(inherited) @executable_path/Frameworks @loader_path/Frameworks";
				PRODUCT_BUNDLE_IDENTIFIER = com.pulse.PulseiOSTests;
				PRODUCT_NAME = "$(TARGET_NAME)";
				TEST_HOST = "$(BUILT_PRODUCTS_DIR)/PulseiOS.app/PulseiOS";
			};
			name = Debug;
		};
		12D31D581BEE791100B03E7C /* Release */ = {
			isa = XCBuildConfiguration;
			buildSettings = {
				BUNDLE_LOADER = "$(TEST_HOST)";
				INFOPLIST_FILE = PulseiOSTests/Info.plist;
				LD_RUNPATH_SEARCH_PATHS = "$(inherited) @executable_path/Frameworks @loader_path/Frameworks";
				PRODUCT_BUNDLE_IDENTIFIER = com.pulse.PulseiOSTests;
				PRODUCT_NAME = "$(TARGET_NAME)";
				TEST_HOST = "$(BUILT_PRODUCTS_DIR)/PulseiOS.app/PulseiOS";
			};
			name = Release;
		};
		12D31D5A1BEE791100B03E7C /* Debug */ = {
			isa = XCBuildConfiguration;
			buildSettings = {
				INFOPLIST_FILE = PulseiOSUITests/Info.plist;
				LD_RUNPATH_SEARCH_PATHS = "$(inherited) @executable_path/Frameworks @loader_path/Frameworks";
				PRODUCT_BUNDLE_IDENTIFIER = com.pulse.PulseiOSUITests;
				PRODUCT_NAME = "$(TARGET_NAME)";
				TEST_TARGET_NAME = PulseiOS;
				USES_XCTRUNNER = YES;
			};
			name = Debug;
		};
		12D31D5B1BEE791100B03E7C /* Release */ = {
			isa = XCBuildConfiguration;
			buildSettings = {
				INFOPLIST_FILE = PulseiOSUITests/Info.plist;
				LD_RUNPATH_SEARCH_PATHS = "$(inherited) @executable_path/Frameworks @loader_path/Frameworks";
				PRODUCT_BUNDLE_IDENTIFIER = com.pulse.PulseiOSUITests;
				PRODUCT_NAME = "$(TARGET_NAME)";
				TEST_TARGET_NAME = PulseiOS;
				USES_XCTRUNNER = YES;
			};
			name = Release;
		};
/* End XCBuildConfiguration section */

/* Begin XCConfigurationList section */
		12D31D261BEE791100B03E7C /* Build configuration list for PBXProject "PulseiOS" */ = {
			isa = XCConfigurationList;
			buildConfigurations = (
				12D31D511BEE791100B03E7C /* Debug */,
				12D31D521BEE791100B03E7C /* Release */,
			);
			defaultConfigurationIsVisible = 0;
			defaultConfigurationName = Release;
		};
		12D31D531BEE791100B03E7C /* Build configuration list for PBXNativeTarget "PulseiOS" */ = {
			isa = XCConfigurationList;
			buildConfigurations = (
				12D31D541BEE791100B03E7C /* Debug */,
				12D31D551BEE791100B03E7C /* Release */,
			);
			defaultConfigurationIsVisible = 0;
			defaultConfigurationName = Release;
		};
		12D31D561BEE791100B03E7C /* Build configuration list for PBXNativeTarget "PulseiOSTests" */ = {
			isa = XCConfigurationList;
			buildConfigurations = (
				12D31D571BEE791100B03E7C /* Debug */,
				12D31D581BEE791100B03E7C /* Release */,
			);
			defaultConfigurationIsVisible = 0;
			defaultConfigurationName = Release;
		};
		12D31D591BEE791100B03E7C /* Build configuration list for PBXNativeTarget "PulseiOSUITests" */ = {
			isa = XCConfigurationList;
			buildConfigurations = (
				12D31D5A1BEE791100B03E7C /* Debug */,
				12D31D5B1BEE791100B03E7C /* Release */,
			);
			defaultConfigurationIsVisible = 0;
			defaultConfigurationName = Release;
		};
/* End XCConfigurationList section */
	};
	rootObject = 12D31D231BEE791100B03E7C /* Project object */;
}
